// !$*UTF8*$!
{
	archiveVersion = 1;
	classes = {
	};
	objectVersion = 56;
	objects = {

/* Begin PBXBuildFile section */
		F1B281E62C369531003114C3 /* PuzzleScene4.swift in Sources */ = {isa = PBXBuildFile; fileRef = F1B281E52C369531003114C3 /* PuzzleScene4.swift */; };
		F1B281E82C369579003114C3 /* PuzzleScene5.swift in Sources */ = {isa = PBXBuildFile; fileRef = F1B281E72C369579003114C3 /* PuzzleScene5.swift */; };
		F1BEDD7C2C3689200062B25E /* PuzzleScene4.sks in Resources */ = {isa = PBXBuildFile; fileRef = F1BEDD7B2C3689200062B25E /* PuzzleScene4.sks */; };
		F1BEDD7E2C368EB30062B25E /* PuzzleScene5.sks in Resources */ = {isa = PBXBuildFile; fileRef = F1BEDD7D2C368EB30062B25E /* PuzzleScene5.sks */; };
		F1E79D502C343B4700A55529 /* UIImae.swift in Sources */ = {isa = PBXBuildFile; fileRef = F1E79D4F2C343B4700A55529 /* UIImae.swift */; };
		F1E79D522C343C9700A55529 /* SKTexture.swift in Sources */ = {isa = PBXBuildFile; fileRef = F1E79D512C343C9700A55529 /* SKTexture.swift */; };
		F32234452C3409530054D4CA /* Congrats.gif in Resources */ = {isa = PBXBuildFile; fileRef = F32234442C3409530054D4CA /* Congrats.gif */; };
		F32234472C353D6F0054D4CA /* HomeViewController.swift in Sources */ = {isa = PBXBuildFile; fileRef = F32234462C353D6F0054D4CA /* HomeViewController.swift */; };
		F32234492C3547A20054D4CA /* CardViewController.swift in Sources */ = {isa = PBXBuildFile; fileRef = F32234482C3547A20054D4CA /* CardViewController.swift */; };
		F322344B2C35480A0054D4CA /* VideoViewController.swift in Sources */ = {isa = PBXBuildFile; fileRef = F322344A2C35480A0054D4CA /* VideoViewController.swift */; };
		F32234512C354B6A0054D4CA /* vid5.mp4 in Resources */ = {isa = PBXBuildFile; fileRef = F322344C2C354B6A0054D4CA /* vid5.mp4 */; };
		F32234522C354B6A0054D4CA /* vid1.mp4 in Resources */ = {isa = PBXBuildFile; fileRef = F322344D2C354B6A0054D4CA /* vid1.mp4 */; };
		F32234532C354B6A0054D4CA /* vid4.mp4 in Resources */ = {isa = PBXBuildFile; fileRef = F322344E2C354B6A0054D4CA /* vid4.mp4 */; };
		F32234542C354B6A0054D4CA /* vid3.mp4 in Resources */ = {isa = PBXBuildFile; fileRef = F322344F2C354B6A0054D4CA /* vid3.mp4 */; };
		F32234552C354B6A0054D4CA /* vid2.mp4 in Resources */ = {isa = PBXBuildFile; fileRef = F32234502C354B6A0054D4CA /* vid2.mp4 */; };
		F32234572C3554550054D4CA /* DataManager.swift in Sources */ = {isa = PBXBuildFile; fileRef = F32234562C3554550054D4CA /* DataManager.swift */; };
		F32234592C3558F90054D4CA /* PuzzleScene2.sks in Resources */ = {isa = PBXBuildFile; fileRef = F32234582C3558F90054D4CA /* PuzzleScene2.sks */; };
		F322345B2C3561DC0054D4CA /* PuzzleScene3.sks in Resources */ = {isa = PBXBuildFile; fileRef = F322345A2C3561DC0054D4CA /* PuzzleScene3.sks */; };
		F322345D2C367E3E0054D4CA /* PuzzleScene2.swift in Sources */ = {isa = PBXBuildFile; fileRef = F322345C2C367E3E0054D4CA /* PuzzleScene2.swift */; };
		F322345F2C367E550054D4CA /* PuzzleScene3.swift in Sources */ = {isa = PBXBuildFile; fileRef = F322345E2C367E550054D4CA /* PuzzleScene3.swift */; };
		F32234632C37D2A60054D4CA /* klick.mp3 in Resources */ = {isa = PBXBuildFile; fileRef = F32234622C37D2A60054D4CA /* klick.mp3 */; };
		F32234652C37DE910054D4CA /* match.mp3 in Resources */ = {isa = PBXBuildFile; fileRef = F32234642C37DE910054D4CA /* match.mp3 */; };
		F33102C92C32A9BB004A1362 /* AppDelegate.swift in Sources */ = {isa = PBXBuildFile; fileRef = F33102C82C32A9BB004A1362 /* AppDelegate.swift */; };
		F33102CB2C32A9BB004A1362 /* GameScene.sks in Resources */ = {isa = PBXBuildFile; fileRef = F33102CA2C32A9BB004A1362 /* GameScene.sks */; };
		F33102CD2C32A9BB004A1362 /* Actions.sks in Resources */ = {isa = PBXBuildFile; fileRef = F33102CC2C32A9BB004A1362 /* Actions.sks */; };
		F33102CF2C32A9BB004A1362 /* GameScene.swift in Sources */ = {isa = PBXBuildFile; fileRef = F33102CE2C32A9BB004A1362 /* GameScene.swift */; };
		F33102D12C32A9BB004A1362 /* GameViewController.swift in Sources */ = {isa = PBXBuildFile; fileRef = F33102D02C32A9BB004A1362 /* GameViewController.swift */; };
		F33102D42C32A9BB004A1362 /* Base in Resources */ = {isa = PBXBuildFile; fileRef = F33102D32C32A9BB004A1362 /* Base */; };
		F33102D62C32A9BC004A1362 /* Assets.xcassets in Resources */ = {isa = PBXBuildFile; fileRef = F33102D52C32A9BC004A1362 /* Assets.xcassets */; };
		F33102D92C32A9BC004A1362 /* Base in Resources */ = {isa = PBXBuildFile; fileRef = F33102D82C32A9BC004A1362 /* Base */; };
		F33102E02C32BDBF004A1362 /* PuzzelViewController.swift in Sources */ = {isa = PBXBuildFile; fileRef = F33102DF2C32BDBF004A1362 /* PuzzelViewController.swift */; };
		F33102E22C32C05A004A1362 /* PuzzleSceen.sks in Resources */ = {isa = PBXBuildFile; fileRef = F33102E12C32C05A004A1362 /* PuzzleSceen.sks */; };
		F3353F8C2C32FFA300426BC1 /* music.mp3 in Resources */ = {isa = PBXBuildFile; fileRef = F3353F8B2C32FFA300426BC1 /* music.mp3 */; };
		F3353F8E2C3313FB00426BC1 /* PuzzleSceen.swift in Sources */ = {isa = PBXBuildFile; fileRef = F3353F8D2C3313FB00426BC1 /* PuzzleSceen.swift */; };
/* End PBXBuildFile section */

/* Begin PBXFileReference section */
		F1B281E52C369531003114C3 /* PuzzleScene4.swift */ = {isa = PBXFileReference; lastKnownFileType = sourcecode.swift; path = PuzzleScene4.swift; sourceTree = "<group>"; };
		F1B281E72C369579003114C3 /* PuzzleScene5.swift */ = {isa = PBXFileReference; lastKnownFileType = sourcecode.swift; path = PuzzleScene5.swift; sourceTree = "<group>"; };
		F1BEDD7B2C3689200062B25E /* PuzzleScene4.sks */ = {isa = PBXFileReference; lastKnownFileType = file.sks; path = PuzzleScene4.sks; sourceTree = "<group>"; };
		F1BEDD7D2C368EB30062B25E /* PuzzleScene5.sks */ = {isa = PBXFileReference; lastKnownFileType = file.sks; path = PuzzleScene5.sks; sourceTree = "<group>"; };
		F1E79D4F2C343B4700A55529 /* UIImae.swift */ = {isa = PBXFileReference; lastKnownFileType = sourcecode.swift; path = UIImae.swift; sourceTree = "<group>"; };
		F1E79D512C343C9700A55529 /* SKTexture.swift */ = {isa = PBXFileReference; lastKnownFileType = sourcecode.swift; path = SKTexture.swift; sourceTree = "<group>"; };
		F32234442C3409530054D4CA /* Congrats.gif */ = {isa = PBXFileReference; lastKnownFileType = image.gif; path = Congrats.gif; sourceTree = "<group>"; };
		F32234462C353D6F0054D4CA /* HomeViewController.swift */ = {isa = PBXFileReference; lastKnownFileType = sourcecode.swift; path = HomeViewController.swift; sourceTree = "<group>"; };
		F32234482C3547A20054D4CA /* CardViewController.swift */ = {isa = PBXFileReference; lastKnownFileType = sourcecode.swift; path = CardViewController.swift; sourceTree = "<group>"; };
		F322344A2C35480A0054D4CA /* VideoViewController.swift */ = {isa = PBXFileReference; lastKnownFileType = sourcecode.swift; path = VideoViewController.swift; sourceTree = "<group>"; };
		F322344C2C354B6A0054D4CA /* vid5.mp4 */ = {isa = PBXFileReference; lastKnownFileType = file; path = vid5.mp4; sourceTree = "<group>"; };
		F322344D2C354B6A0054D4CA /* vid1.mp4 */ = {isa = PBXFileReference; lastKnownFileType = file; path = vid1.mp4; sourceTree = "<group>"; };
		F322344E2C354B6A0054D4CA /* vid4.mp4 */ = {isa = PBXFileReference; lastKnownFileType = file; path = vid4.mp4; sourceTree = "<group>"; };
		F322344F2C354B6A0054D4CA /* vid3.mp4 */ = {isa = PBXFileReference; lastKnownFileType = file; path = vid3.mp4; sourceTree = "<group>"; };
		F32234502C354B6A0054D4CA /* vid2.mp4 */ = {isa = PBXFileReference; lastKnownFileType = file; path = vid2.mp4; sourceTree = "<group>"; };
		F32234562C3554550054D4CA /* DataManager.swift */ = {isa = PBXFileReference; lastKnownFileType = sourcecode.swift; path = DataManager.swift; sourceTree = "<group>"; };
		F32234582C3558F90054D4CA /* PuzzleScene2.sks */ = {isa = PBXFileReference; lastKnownFileType = file.sks; path = PuzzleScene2.sks; sourceTree = "<group>"; };
		F322345A2C3561DC0054D4CA /* PuzzleScene3.sks */ = {isa = PBXFileReference; lastKnownFileType = file.sks; path = PuzzleScene3.sks; sourceTree = "<group>"; };
		F322345C2C367E3E0054D4CA /* PuzzleScene2.swift */ = {isa = PBXFileReference; lastKnownFileType = sourcecode.swift; path = PuzzleScene2.swift; sourceTree = "<group>"; };
		F322345E2C367E550054D4CA /* PuzzleScene3.swift */ = {isa = PBXFileReference; lastKnownFileType = sourcecode.swift; path = PuzzleScene3.swift; sourceTree = "<group>"; };
		F32234622C37D2A60054D4CA /* klick.mp3 */ = {isa = PBXFileReference; lastKnownFileType = audio.mp3; path = klick.mp3; sourceTree = "<group>"; };
		F32234642C37DE910054D4CA /* match.mp3 */ = {isa = PBXFileReference; lastKnownFileType = audio.mp3; path = match.mp3; sourceTree = "<group>"; };
		F33102C52C32A9BB004A1362 /* ZellTob.app */ = {isa = PBXFileReference; explicitFileType = wrapper.application; includeInIndex = 0; path = ZellTob.app; sourceTree = BUILT_PRODUCTS_DIR; };
		F33102C82C32A9BB004A1362 /* AppDelegate.swift */ = {isa = PBXFileReference; lastKnownFileType = sourcecode.swift; path = AppDelegate.swift; sourceTree = "<group>"; };
		F33102CA2C32A9BB004A1362 /* GameScene.sks */ = {isa = PBXFileReference; lastKnownFileType = file.sks; path = GameScene.sks; sourceTree = "<group>"; };
		F33102CC2C32A9BB004A1362 /* Actions.sks */ = {isa = PBXFileReference; lastKnownFileType = file.sks; path = Actions.sks; sourceTree = "<group>"; };
		F33102CE2C32A9BB004A1362 /* GameScene.swift */ = {isa = PBXFileReference; lastKnownFileType = sourcecode.swift; path = GameScene.swift; sourceTree = "<group>"; };
		F33102D02C32A9BB004A1362 /* GameViewController.swift */ = {isa = PBXFileReference; lastKnownFileType = sourcecode.swift; path = GameViewController.swift; sourceTree = "<group>"; };
		F33102D32C32A9BB004A1362 /* Base */ = {isa = PBXFileReference; lastKnownFileType = file.storyboard; name = Base; path = Base.lproj/Main.storyboard; sourceTree = "<group>"; };
		F33102D52C32A9BC004A1362 /* Assets.xcassets */ = {isa = PBXFileReference; lastKnownFileType = folder.assetcatalog; path = Assets.xcassets; sourceTree = "<group>"; };
		F33102D82C32A9BC004A1362 /* Base */ = {isa = PBXFileReference; lastKnownFileType = file.storyboard; name = Base; path = Base.lproj/LaunchScreen.storyboard; sourceTree = "<group>"; };
		F33102DF2C32BDBF004A1362 /* PuzzelViewController.swift */ = {isa = PBXFileReference; lastKnownFileType = sourcecode.swift; path = PuzzelViewController.swift; sourceTree = "<group>"; };
		F33102E12C32C05A004A1362 /* PuzzleSceen.sks */ = {isa = PBXFileReference; lastKnownFileType = file.sks; path = PuzzleSceen.sks; sourceTree = "<group>"; };
		F3353F8B2C32FFA300426BC1 /* music.mp3 */ = {isa = PBXFileReference; lastKnownFileType = audio.mp3; path = music.mp3; sourceTree = "<group>"; };
		F3353F8D2C3313FB00426BC1 /* PuzzleSceen.swift */ = {isa = PBXFileReference; lastKnownFileType = sourcecode.swift; path = PuzzleSceen.swift; sourceTree = "<group>"; };
/* End PBXFileReference section */

/* Begin PBXFrameworksBuildPhase section */
		F33102C22C32A9BB004A1362 /* Frameworks */ = {
			isa = PBXFrameworksBuildPhase;
			buildActionMask = 2147483647;
			files = (
			);
			runOnlyForDeploymentPostprocessing = 0;
		};
/* End PBXFrameworksBuildPhase section */

/* Begin PBXGroup section */
		F33102BC2C32A9BB004A1362 = {
			isa = PBXGroup;
			children = (
				F33102C72C32A9BB004A1362 /* ZellTob */,
				F33102C62C32A9BB004A1362 /* Products */,
			);
			sourceTree = "<group>";
		};
		F33102C62C32A9BB004A1362 /* Products */ = {
			isa = PBXGroup;
			children = (
				F33102C52C32A9BB004A1362 /* ZellTob.app */,
			);
			name = Products;
			sourceTree = "<group>";
		};
		F33102C72C32A9BB004A1362 /* ZellTob */ = {
			isa = PBXGroup;
			children = (
				F33102C82C32A9BB004A1362 /* AppDelegate.swift */,
				F33102CA2C32A9BB004A1362 /* GameScene.sks */,
				F33102CC2C32A9BB004A1362 /* Actions.sks */,
				F33102CE2C32A9BB004A1362 /* GameScene.swift */,
				F33102D02C32A9BB004A1362 /* GameViewController.swift */,
				F32234462C353D6F0054D4CA /* HomeViewController.swift */,
				F32234482C3547A20054D4CA /* CardViewController.swift */,
				F322344A2C35480A0054D4CA /* VideoViewController.swift */,
				F33102DF2C32BDBF004A1362 /* PuzzelViewController.swift */,
				F33102E12C32C05A004A1362 /* PuzzleSceen.sks */,
				F3353F8D2C3313FB00426BC1 /* PuzzleSceen.swift */,
				F32234582C3558F90054D4CA /* PuzzleScene2.sks */,
				F322345C2C367E3E0054D4CA /* PuzzleScene2.swift */,
				F322345A2C3561DC0054D4CA /* PuzzleScene3.sks */,
				F322345E2C367E550054D4CA /* PuzzleScene3.swift */,
				F1BEDD7B2C3689200062B25E /* PuzzleScene4.sks */,
				F1B281E52C369531003114C3 /* PuzzleScene4.swift */,
				F1BEDD7D2C368EB30062B25E /* PuzzleScene5.sks */,
				F1B281E72C369579003114C3 /* PuzzleScene5.swift */,
				F32234562C3554550054D4CA /* DataManager.swift */,
				F33102D22C32A9BB004A1362 /* Main.storyboard */,
				F33102D52C32A9BC004A1362 /* Assets.xcassets */,
				F33102D72C32A9BC004A1362 /* LaunchScreen.storyboard */,
				F3353F8B2C32FFA300426BC1 /* music.mp3 */,
				F32234442C3409530054D4CA /* Congrats.gif */,
				F1E79D4F2C343B4700A55529 /* UIImae.swift */,
				F1E79D512C343C9700A55529 /* SKTexture.swift */,
				F322344D2C354B6A0054D4CA /* vid1.mp4 */,
				F32234502C354B6A0054D4CA /* vid2.mp4 */,
				F322344F2C354B6A0054D4CA /* vid3.mp4 */,
				F322344E2C354B6A0054D4CA /* vid4.mp4 */,
				F322344C2C354B6A0054D4CA /* vid5.mp4 */,
				F32234622C37D2A60054D4CA /* klick.mp3 */,
				F32234642C37DE910054D4CA /* match.mp3 */,
			);
			path = ZellTob;
			sourceTree = "<group>";
		};
/* End PBXGroup section */

/* Begin PBXNativeTarget section */
		F33102C42C32A9BB004A1362 /* ZellTob */ = {
			isa = PBXNativeTarget;
			buildConfigurationList = F33102DC2C32A9BC004A1362 /* Build configuration list for PBXNativeTarget "ZellTob" */;
			buildPhases = (
				F33102C12C32A9BB004A1362 /* Sources */,
				F33102C22C32A9BB004A1362 /* Frameworks */,
				F33102C32C32A9BB004A1362 /* Resources */,
			);
			buildRules = (
			);
			dependencies = (
			);
			name = ZellTob;
			productName = ZellTob;
			productReference = F33102C52C32A9BB004A1362 /* ZellTob.app */;
			productType = "com.apple.product-type.application";
		};
/* End PBXNativeTarget section */

/* Begin PBXProject section */
		F33102BD2C32A9BB004A1362 /* Project object */ = {
			isa = PBXProject;
			attributes = {
				BuildIndependentTargetsInParallel = 1;
				LastSwiftUpdateCheck = 1540;
				LastUpgradeCheck = 1540;
				TargetAttributes = {
					F33102C42C32A9BB004A1362 = {
						CreatedOnToolsVersion = 15.4;
					};
				};
			};
			buildConfigurationList = F33102C02C32A9BB004A1362 /* Build configuration list for PBXProject "ZellTob" */;
			compatibilityVersion = "Xcode 14.0";
			developmentRegion = en;
			hasScannedForEncodings = 0;
			knownRegions = (
				en,
				Base,
			);
			mainGroup = F33102BC2C32A9BB004A1362;
			productRefGroup = F33102C62C32A9BB004A1362 /* Products */;
			projectDirPath = "";
			projectRoot = "";
			targets = (
				F33102C42C32A9BB004A1362 /* ZellTob */,
			);
		};
/* End PBXProject section */

/* Begin PBXResourcesBuildPhase section */
		F33102C32C32A9BB004A1362 /* Resources */ = {
			isa = PBXResourcesBuildPhase;
			buildActionMask = 2147483647;
			files = (
				F1BEDD7E2C368EB30062B25E /* PuzzleScene5.sks in Resources */,
				F32234652C37DE910054D4CA /* match.mp3 in Resources */,
				F33102E22C32C05A004A1362 /* PuzzleSceen.sks in Resources */,
				F32234542C354B6A0054D4CA /* vid3.mp4 in Resources */,
				F32234532C354B6A0054D4CA /* vid4.mp4 in Resources */,
				F322345B2C3561DC0054D4CA /* PuzzleScene3.sks in Resources */,
				F32234452C3409530054D4CA /* Congrats.gif in Resources */,
				F33102CB2C32A9BB004A1362 /* GameScene.sks in Resources */,
				F32234522C354B6A0054D4CA /* vid1.mp4 in Resources */,
				F3353F8C2C32FFA300426BC1 /* music.mp3 in Resources */,
				F32234592C3558F90054D4CA /* PuzzleScene2.sks in Resources */,
				F33102D42C32A9BB004A1362 /* Base in Resources */,
				F33102D62C32A9BC004A1362 /* Assets.xcassets in Resources */,
				F1BEDD7C2C3689200062B25E /* PuzzleScene4.sks in Resources */,
				F33102CD2C32A9BB004A1362 /* Actions.sks in Resources */,
				F32234552C354B6A0054D4CA /* vid2.mp4 in Resources */,
				F32234512C354B6A0054D4CA /* vid5.mp4 in Resources */,
				F32234632C37D2A60054D4CA /* klick.mp3 in Resources */,
				F33102D92C32A9BC004A1362 /* Base in Resources */,
			);
			runOnlyForDeploymentPostprocessing = 0;
		};
/* End PBXResourcesBuildPhase section */

/* Begin PBXSourcesBuildPhase section */
		F33102C12C32A9BB004A1362 /* Sources */ = {
			isa = PBXSourcesBuildPhase;
			buildActionMask = 2147483647;
			files = (
				F1B281E82C369579003114C3 /* PuzzleScene5.swift in Sources */,
				F3353F8E2C3313FB00426BC1 /* PuzzleSceen.swift in Sources */,
				F1E79D502C343B4700A55529 /* UIImae.swift in Sources */,
				F33102CF2C32A9BB004A1362 /* GameScene.swift in Sources */,
				F322345D2C367E3E0054D4CA /* PuzzleScene2.swift in Sources */,
				F32234472C353D6F0054D4CA /* HomeViewController.swift in Sources */,
				F1E79D522C343C9700A55529 /* SKTexture.swift in Sources */,
				F32234492C3547A20054D4CA /* CardViewController.swift in Sources */,
				F33102D12C32A9BB004A1362 /* GameViewController.swift in Sources */,
				F33102E02C32BDBF004A1362 /* PuzzelViewController.swift in Sources */,
				F322345F2C367E550054D4CA /* PuzzleScene3.swift in Sources */,
				F32234572C3554550054D4CA /* DataManager.swift in Sources */,
				F1B281E62C369531003114C3 /* PuzzleScene4.swift in Sources */,
				F322344B2C35480A0054D4CA /* VideoViewController.swift in Sources */,
				F33102C92C32A9BB004A1362 /* AppDelegate.swift in Sources */,
			);
			runOnlyForDeploymentPostprocessing = 0;
		};
/* End PBXSourcesBuildPhase section */

/* Begin PBXVariantGroup section */
		F33102D22C32A9BB004A1362 /* Main.storyboard */ = {
			isa = PBXVariantGroup;
			children = (
				F33102D32C32A9BB004A1362 /* Base */,
			);
			name = Main.storyboard;
			sourceTree = "<group>";
		};
		F33102D72C32A9BC004A1362 /* LaunchScreen.storyboard */ = {
			isa = PBXVariantGroup;
			children = (
				F33102D82C32A9BC004A1362 /* Base */,
			);
			name = LaunchScreen.storyboard;
			sourceTree = "<group>";
		};
/* End PBXVariantGroup section */

/* Begin XCBuildConfiguration section */
		F33102DA2C32A9BC004A1362 /* Debug */ = {
			isa = XCBuildConfiguration;
			buildSettings = {
				ALWAYS_SEARCH_USER_PATHS = NO;
				ASSETCATALOG_COMPILER_GENERATE_SWIFT_ASSET_SYMBOL_EXTENSIONS = YES;
				CLANG_ANALYZER_NONNULL = YES;
				CLANG_ANALYZER_NUMBER_OBJECT_CONVERSION = YES_AGGRESSIVE;
				CLANG_CXX_LANGUAGE_STANDARD = "gnu++20";
				CLANG_ENABLE_MODULES = YES;
				CLANG_ENABLE_OBJC_ARC = YES;
				CLANG_ENABLE_OBJC_WEAK = YES;
				CLANG_WARN_BLOCK_CAPTURE_AUTORELEASING = YES;
				CLANG_WARN_BOOL_CONVERSION = YES;
				CLANG_WARN_COMMA = YES;
				CLANG_WARN_CONSTANT_CONVERSION = YES;
				CLANG_WARN_DEPRECATED_OBJC_IMPLEMENTATIONS = YES;
				CLANG_WARN_DIRECT_OBJC_ISA_USAGE = YES_ERROR;
				CLANG_WARN_DOCUMENTATION_COMMENTS = YES;
				CLANG_WARN_EMPTY_BODY = YES;
				CLANG_WARN_ENUM_CONVERSION = YES;
				CLANG_WARN_INFINITE_RECURSION = YES;
				CLANG_WARN_INT_CONVERSION = YES;
				CLANG_WARN_NON_LITERAL_NULL_CONVERSION = YES;
				CLANG_WARN_OBJC_IMPLICIT_RETAIN_SELF = YES;
				CLANG_WARN_OBJC_LITERAL_CONVERSION = YES;
				CLANG_WARN_OBJC_ROOT_CLASS = YES_ERROR;
				CLANG_WARN_QUOTED_INCLUDE_IN_FRAMEWORK_HEADER = YES;
				CLANG_WARN_RANGE_LOOP_ANALYSIS = YES;
				CLANG_WARN_STRICT_PROTOTYPES = YES;
				CLANG_WARN_SUSPICIOUS_MOVE = YES;
				CLANG_WARN_UNGUARDED_AVAILABILITY = YES_AGGRESSIVE;
				CLANG_WARN_UNREACHABLE_CODE = YES;
				CLANG_WARN__DUPLICATE_METHOD_MATCH = YES;
				COPY_PHASE_STRIP = NO;
				DEBUG_INFORMATION_FORMAT = dwarf;
				ENABLE_STRICT_OBJC_MSGSEND = YES;
				ENABLE_TESTABILITY = YES;
				ENABLE_USER_SCRIPT_SANDBOXING = YES;
				GCC_C_LANGUAGE_STANDARD = gnu17;
				GCC_DYNAMIC_NO_PIC = NO;
				GCC_NO_COMMON_BLOCKS = YES;
				GCC_OPTIMIZATION_LEVEL = 0;
				GCC_PREPROCESSOR_DEFINITIONS = (
					"DEBUG=1",
					"$(inherited)",
				);
				GCC_WARN_64_TO_32_BIT_CONVERSION = YES;
				GCC_WARN_ABOUT_RETURN_TYPE = YES_ERROR;
				GCC_WARN_UNDECLARED_SELECTOR = YES;
				GCC_WARN_UNINITIALIZED_AUTOS = YES_AGGRESSIVE;
				GCC_WARN_UNUSED_FUNCTION = YES;
				GCC_WARN_UNUSED_VARIABLE = YES;
				IPHONEOS_DEPLOYMENT_TARGET = 17.5;
				LOCALIZATION_PREFERS_STRING_CATALOGS = YES;
				MTL_ENABLE_DEBUG_INFO = INCLUDE_SOURCE;
				MTL_FAST_MATH = YES;
				ONLY_ACTIVE_ARCH = YES;
				SDKROOT = iphoneos;
				SWIFT_ACTIVE_COMPILATION_CONDITIONS = "DEBUG $(inherited)";
				SWIFT_OPTIMIZATION_LEVEL = "-Onone";
			};
			name = Debug;
		};
		F33102DB2C32A9BC004A1362 /* Release */ = {
			isa = XCBuildConfiguration;
			buildSettings = {
				ALWAYS_SEARCH_USER_PATHS = NO;
				ASSETCATALOG_COMPILER_GENERATE_SWIFT_ASSET_SYMBOL_EXTENSIONS = YES;
				CLANG_ANALYZER_NONNULL = YES;
				CLANG_ANALYZER_NUMBER_OBJECT_CONVERSION = YES_AGGRESSIVE;
				CLANG_CXX_LANGUAGE_STANDARD = "gnu++20";
				CLANG_ENABLE_MODULES = YES;
				CLANG_ENABLE_OBJC_ARC = YES;
				CLANG_ENABLE_OBJC_WEAK = YES;
				CLANG_WARN_BLOCK_CAPTURE_AUTORELEASING = YES;
				CLANG_WARN_BOOL_CONVERSION = YES;
				CLANG_WARN_COMMA = YES;
				CLANG_WARN_CONSTANT_CONVERSION = YES;
				CLANG_WARN_DEPRECATED_OBJC_IMPLEMENTATIONS = YES;
				CLANG_WARN_DIRECT_OBJC_ISA_USAGE = YES_ERROR;
				CLANG_WARN_DOCUMENTATION_COMMENTS = YES;
				CLANG_WARN_EMPTY_BODY = YES;
				CLANG_WARN_ENUM_CONVERSION = YES;
				CLANG_WARN_INFINITE_RECURSION = YES;
				CLANG_WARN_INT_CONVERSION = YES;
				CLANG_WARN_NON_LITERAL_NULL_CONVERSION = YES;
				CLANG_WARN_OBJC_IMPLICIT_RETAIN_SELF = YES;
				CLANG_WARN_OBJC_LITERAL_CONVERSION = YES;
				CLANG_WARN_OBJC_ROOT_CLASS = YES_ERROR;
				CLANG_WARN_QUOTED_INCLUDE_IN_FRAMEWORK_HEADER = YES;
				CLANG_WARN_RANGE_LOOP_ANALYSIS = YES;
				CLANG_WARN_STRICT_PROTOTYPES = YES;
				CLANG_WARN_SUSPICIOUS_MOVE = YES;
				CLANG_WARN_UNGUARDED_AVAILABILITY = YES_AGGRESSIVE;
				CLANG_WARN_UNREACHABLE_CODE = YES;
				CLANG_WARN__DUPLICATE_METHOD_MATCH = YES;
				COPY_PHASE_STRIP = NO;
				DEBUG_INFORMATION_FORMAT = "dwarf-with-dsym";
				ENABLE_NS_ASSERTIONS = NO;
				ENABLE_STRICT_OBJC_MSGSEND = YES;
				ENABLE_USER_SCRIPT_SANDBOXING = YES;
				GCC_C_LANGUAGE_STANDARD = gnu17;
				GCC_NO_COMMON_BLOCKS = YES;
				GCC_WARN_64_TO_32_BIT_CONVERSION = YES;
				GCC_WARN_ABOUT_RETURN_TYPE = YES_ERROR;
				GCC_WARN_UNDECLARED_SELECTOR = YES;
				GCC_WARN_UNINITIALIZED_AUTOS = YES_AGGRESSIVE;
				GCC_WARN_UNUSED_FUNCTION = YES;
				GCC_WARN_UNUSED_VARIABLE = YES;
				IPHONEOS_DEPLOYMENT_TARGET = 17.5;
				LOCALIZATION_PREFERS_STRING_CATALOGS = YES;
				MTL_ENABLE_DEBUG_INFO = NO;
				MTL_FAST_MATH = YES;
				SDKROOT = iphoneos;
				SWIFT_COMPILATION_MODE = wholemodule;
				VALIDATE_PRODUCT = YES;
			};
			name = Release;
		};
		F33102DD2C32A9BC004A1362 /* Debug */ = {
			isa = XCBuildConfiguration;
			buildSettings = {
				ASSETCATALOG_COMPILER_APPICON_NAME = AppIcon;
				ASSETCATALOG_COMPILER_GLOBAL_ACCENT_COLOR_NAME = AccentColor;
				CODE_SIGN_STYLE = Automatic;
				CURRENT_PROJECT_VERSION = 1;
				GENERATE_INFOPLIST_FILE = YES;
				INFOPLIST_KEY_UIApplicationSupportsIndirectInputEvents = YES;
				INFOPLIST_KEY_UILaunchStoryboardName = LaunchScreen;
				INFOPLIST_KEY_UIMainStoryboardFile = Main;
				INFOPLIST_KEY_UIStatusBarHidden = YES;
				INFOPLIST_KEY_UISupportedInterfaceOrientations_iPad = "UIInterfaceOrientationPortrait UIInterfaceOrientationPortraitUpsideDown UIInterfaceOrientationLandscapeLeft UIInterfaceOrientationLandscapeRight";
				INFOPLIST_KEY_UISupportedInterfaceOrientations_iPhone = "UIInterfaceOrientationPortrait UIInterfaceOrientationLandscapeLeft UIInterfaceOrientationLandscapeRight";
				LD_RUNPATH_SEARCH_PATHS = (
					"$(inherited)",
					"@executable_path/Frameworks",
				);
				MARKETING_VERSION = 1.0;
				PRODUCT_BUNDLE_IDENTIFIER = com.josep.ZellTob;
				PRODUCT_NAME = "$(TARGET_NAME)";
				SWIFT_EMIT_LOC_STRINGS = YES;
				SWIFT_VERSION = 5.0;
				TARGETED_DEVICE_FAMILY = "1,2";
			};
			name = Debug;
		};
		F33102DE2C32A9BC004A1362 /* Release */ = {
			isa = XCBuildConfiguration;
			buildSettings = {
				ASSETCATALOG_COMPILER_APPICON_NAME = AppIcon;
				ASSETCATALOG_COMPILER_GLOBAL_ACCENT_COLOR_NAME = AccentColor;
				CODE_SIGN_STYLE = Automatic;
				CURRENT_PROJECT_VERSION = 1;
				GENERATE_INFOPLIST_FILE = YES;
				INFOPLIST_KEY_UIApplicationSupportsIndirectInputEvents = YES;
				INFOPLIST_KEY_UILaunchStoryboardName = LaunchScreen;
				INFOPLIST_KEY_UIMainStoryboardFile = Main;
				INFOPLIST_KEY_UIStatusBarHidden = YES;
				INFOPLIST_KEY_UISupportedInterfaceOrientations_iPad = "UIInterfaceOrientationPortrait UIInterfaceOrientationPortraitUpsideDown UIInterfaceOrientationLandscapeLeft UIInterfaceOrientationLandscapeRight";
				INFOPLIST_KEY_UISupportedInterfaceOrientations_iPhone = "UIInterfaceOrientationPortrait UIInterfaceOrientationLandscapeLeft UIInterfaceOrientationLandscapeRight";
				LD_RUNPATH_SEARCH_PATHS = (
					"$(inherited)",
					"@executable_path/Frameworks",
				);
				MARKETING_VERSION = 1.0;
				PRODUCT_BUNDLE_IDENTIFIER = com.josep.ZellTob;
				PRODUCT_NAME = "$(TARGET_NAME)";
				SWIFT_EMIT_LOC_STRINGS = YES;
				SWIFT_VERSION = 5.0;
				TARGETED_DEVICE_FAMILY = "1,2";
			};
			name = Release;
		};
/* End XCBuildConfiguration section */

/* Begin XCConfigurationList section */
		F33102C02C32A9BB004A1362 /* Build configuration list for PBXProject "ZellTob" */ = {
			isa = XCConfigurationList;
			buildConfigurations = (
				F33102DA2C32A9BC004A1362 /* Debug */,
				F33102DB2C32A9BC004A1362 /* Release */,
			);
			defaultConfigurationIsVisible = 0;
			defaultConfigurationName = Release;
		};
		F33102DC2C32A9BC004A1362 /* Build configuration list for PBXNativeTarget "ZellTob" */ = {
			isa = XCConfigurationList;
			buildConfigurations = (
				F33102DD2C32A9BC004A1362 /* Debug */,
				F33102DE2C32A9BC004A1362 /* Release */,
			);
			defaultConfigurationIsVisible = 0;
			defaultConfigurationName = Release;
		};
/* End XCConfigurationList section */
	};
	rootObject = F33102BD2C32A9BB004A1362 /* Project object */;
}
